{
    "name": "vscode-powerquery-server",
    "version": "0.0.31",
    "lockfileVersion": 1,
    "requires": true,
    "dependencies": {
        "@microsoft/powerquery-language-services": {
            "version": "0.1.1",
            "resolved": "https://registry.npmjs.org/@microsoft/powerquery-language-services/-/powerquery-language-services-0.1.1.tgz",
            "integrity": "sha512-qjPJphmacw414Z0xMsr9zA5osbJrGdAkvTGuJ+jhOkVoqHDqh5+KC4NG5aHoMIL8IhmtPM+XSdUvt9pzqDMIvw==",
            "requires": {
                "@microsoft/powerquery-parser": "0.1.48",
                "vscode-languageserver-types": "3.15.1"
            }
        },
        "@microsoft/powerquery-parser": {
            "version": "0.1.48",
            "resolved": "https://registry.npmjs.org/@microsoft/powerquery-parser/-/powerquery-parser-0.1.48.tgz",
            "integrity": "sha512-2xzHjMTYesyL4KFpLUdpzMBF7vDMRAo/onVM5/9XAleHonssjYXPzznF89NEyf6smtlHPObIV0tPwx2jVK7Pog==",
            "requires": {
                "grapheme-splitter": "^1.0.4"
            }
        },
        "@types/node": {
            "version": "12.12.2",
            "resolved": "https://registry.npmjs.org/@types/node/-/node-12.12.2.tgz",
            "integrity": "sha512-Dt624lmxSFhjor3/QoBAJyqKbPgPnJETqG+eUSxOYwwq5HeHh9hel1c4YAcFmCsClMESmMqcTBbfkjWK+ytCsg==",
            "dev": true
        },
        "grapheme-splitter": {
            "version": "1.0.4",
            "resolved": "https://registry.npmjs.org/grapheme-splitter/-/grapheme-splitter-1.0.4.tgz",
            "integrity": "sha512-bzh50DW9kTPM00T8y4o8vQg89Di9oLJVLW/KaOGIXJWP/iqCN6WKYkbNOF04vFLJhwcpYUh9ydh/+5vpOqV4YQ=="
        },
        "typescript": {
            "version": "3.8.3",
            "resolved": "https://registry.npmjs.org/typescript/-/typescript-3.8.3.tgz",
            "integrity": "sha512-MYlEfn5VrLNsgudQTVJeNaQFUAI7DkhnOjdpAp4T+ku1TfQClewlbSuTVHiA+8skNBgaf02TL/kLOvig4y3G8w==",
            "dev": true
        },
        "vscode-jsonrpc": {
            "version": "5.0.1",
            "resolved": "https://registry.npmjs.org/vscode-jsonrpc/-/vscode-jsonrpc-5.0.1.tgz",
            "integrity": "sha512-JvONPptw3GAQGXlVV2utDcHx0BiY34FupW/kI6mZ5x06ER5DdPG/tXWMVHjTNULF5uKPOUUD0SaXg5QaubJL0A=="
        },
        "vscode-languageserver": {
            "version": "6.0.0-next.7",
            "resolved": "https://registry.npmjs.org/vscode-languageserver/-/vscode-languageserver-6.0.0-next.7.tgz",
            "integrity": "sha512-DHUA8yNmH/dnrvyW8ejfYTd8AHlideOlExmyxnOQ7M1AOPzrIerL4OgjT+JIIN4t+UfC0MinEeHm1vdoYF36kQ==",
            "requires": {
                "vscode-languageserver-protocol": "^3.15.0-next.13"
            }
        },
        "vscode-languageserver-protocol": {
            "version": "3.15.3",
            "resolved": "https://registry.npmjs.org/vscode-languageserver-protocol/-/vscode-languageserver-protocol-3.15.3.tgz",
            "integrity": "sha512-zrMuwHOAQRhjDSnflWdJG+O2ztMWss8GqUUB8dXLR/FPenwkiBNkMIJJYfSN6sgskvsF0rHAoBowNQfbyZnnvw==",
            "requires": {
                "vscode-jsonrpc": "^5.0.1",
                "vscode-languageserver-types": "3.15.1"
            }
        },
        "vscode-languageserver-textdocument": {
            "version": "1.0.0-next.5",
            "resolved": "https://registry.npmjs.org/vscode-languageserver-textdocument/-/vscode-languageserver-textdocument-1.0.0-next.5.tgz",
            "integrity": "sha512-1jp/zAidN/bF/sqPimhBX1orH5G4rzRw63k75TesukJDuxm8yW79ECStWbDSy41BHGOwSGN4M69QFvhancSr5A=="
        },
        "vscode-languageserver-types": {
            "version": "3.15.1",
            "resolved": "https://registry.npmjs.org/vscode-languageserver-types/-/vscode-languageserver-types-3.15.1.tgz",
            "integrity": "sha512-+a9MPUQrNGRrGU630OGbYVQ+11iOIovjCkqxajPa9w57Sd5ruK8WQNsslzpa0x/QJqC8kRc2DUxWjIFwoNm4ZQ=="
        }
    }
}
