{
	"name": "@microsoft/powerquery-format",
	"version": "0.0.31",
	"lockfileVersion": 1,
	"requires": true,
	"dependencies": {
		"@microsoft/powerquery-parser": {
			"version": "0.1.36",
			"resolved": "https://registry.npmjs.org/@microsoft/powerquery-parser/-/powerquery-parser-0.1.36.tgz",
			"integrity": "sha512-tWgEIsjDvKdtMzYl1jBK1COTcIgmdUBPHw+9xOoM4CG2lCSA8bATtbq1HcfBsjT/8SO/0QOirgpEaKb/kGPu3w==",
			"requires": {
				"grapheme-splitter": "^1.0.4"
			}
		},
		"grapheme-splitter": {
			"version": "1.0.4",
			"resolved": "https://registry.npmjs.org/grapheme-splitter/-/grapheme-splitter-1.0.4.tgz",
			"integrity": "sha512-bzh50DW9kTPM00T8y4o8vQg89Di9oLJVLW/KaOGIXJWP/iqCN6WKYkbNOF04vFLJhwcpYUh9ydh/+5vpOqV4YQ=="
		}
	}
}
